
Microsoft Visual Studio Solution File, Format Version 12.00
# Visual Studio Version 16
VisualStudioVersion = 16.0.31321.278
MinimumVisualStudioVersion = 10.0.40219.1
Project("{FAE04EC0-301F-11D3-BF4B-00C04F79EFBC}") = "Aula-05", "Aula-05\Aula-05.csproj", "{4AE788DF-89FA-4CAB-A83C-E687511A4A6D}"
EndProject
Project("{FAE04EC0-301F-11D3-BF4B-00C04F79EFBC}") = "Aula-06", "..\Aula-06\Aula-06\Aula-06.csproj", "{089CEA18-F0EE-4766-9410-6E5FA4439EEE}"
EndProject
Global
	GlobalSection(SolutionConfigurationPlatforms) = preSolution
		Debug|Any CPU = Debug|Any CPU
		Release|Any CPU = Release|Any CPU
	EndGlobalSection
	GlobalSection(ProjectConfigurationPlatforms) = postSolution
		{4AE788DF-89FA-4CAB-A83C-E687511A4A6D}.Debug|Any CPU.ActiveCfg = Debug|Any CPU
		{4AE788DF-89FA-4CAB-A83C-E687511A4A6D}.Debug|Any CPU.Build.0 = Debug|Any CPU
		{4AE788DF-89FA-4CAB-A83C-E687511A4A6D}.Release|Any CPU.ActiveCfg = Release|Any CPU
		{4AE788DF-89FA-4CAB-A83C-E687511A4A6D}.Release|Any CPU.Build.0 = Release|Any CPU
		{089CEA18-F0EE-4766-9410-6E5FA4439EEE}.Debug|Any CPU.ActiveCfg = Debug|Any CPU
		{089CEA18-F0EE-4766-9410-6E5FA4439EEE}.Debug|Any CPU.Build.0 = Debug|Any CPU
		{089CEA18-F0EE-4766-9410-6E5FA4439EEE}.Release|Any CPU.ActiveCfg = Release|Any CPU
		{089CEA18-F0EE-4766-9410-6E5FA4439EEE}.Release|Any CPU.Build.0 = Release|Any CPU
	EndGlobalSection
	GlobalSection(SolutionProperties) = preSolution
		HideSolutionNode = FALSE
	EndGlobalSection
	GlobalSection(ExtensibilityGlobals) = postSolution
		SolutionGuid = {CD83E6BD-7CB2-4F7C-B90D-A0F56DB5581B}
	EndGlobalSection
EndGlobal
