
Microsoft Visual Studio Solution File, Format Version 12.00
# Visual Studio Version 16
VisualStudioVersion = 16.0.31321.278
MinimumVisualStudioVersion = 10.0.40219.1
Project("{FAE04EC0-301F-11D3-BF4B-00C04F79EFBC}") = "Aula-32-Exercicio", "Aula-32-Exercicio\Aula-32-Exercicio.csproj", "{757B89E2-47B2-414A-9244-58CEC4762C8C}"
EndProject
Global
	GlobalSection(SolutionConfigurationPlatforms) = preSolution
		Debug|Any CPU = Debug|Any CPU
		Release|Any CPU = Release|Any CPU
	EndGlobalSection
	GlobalSection(ProjectConfigurationPlatforms) = postSolution
		{757B89E2-47B2-414A-9244-58CEC4762C8C}.Debug|Any CPU.ActiveCfg = Debug|Any CPU
		{757B89E2-47B2-414A-9244-58CEC4762C8C}.Debug|Any CPU.Build.0 = Debug|Any CPU
		{757B89E2-47B2-414A-9244-58CEC4762C8C}.Release|Any CPU.ActiveCfg = Release|Any CPU
		{757B89E2-47B2-414A-9244-58CEC4762C8C}.Release|Any CPU.Build.0 = Release|Any CPU
	EndGlobalSection
	GlobalSection(SolutionProperties) = preSolution
		HideSolutionNode = FALSE
	EndGlobalSection
	GlobalSection(ExtensibilityGlobals) = postSolution
		SolutionGuid = {3AB52ED6-1C79-4185-851B-AEE0606F9C03}
	EndGlobalSection
EndGlobal
