
Microsoft Visual Studio Solution File, Format Version 12.00
# Visual Studio Version 16
VisualStudioVersion = 16.0.31321.278
MinimumVisualStudioVersion = 10.0.40219.1
Project("{FAE04EC0-301F-11D3-BF4B-00C04F79EFBC}") = "Aula-04", "Aula-04\Aula-04.csproj", "{F048D859-3447-4DE6-8582-2A1575399637}"
EndProject
Global
	GlobalSection(SolutionConfigurationPlatforms) = preSolution
		Debug|Any CPU = Debug|Any CPU
		Release|Any CPU = Release|Any CPU
	EndGlobalSection
	GlobalSection(ProjectConfigurationPlatforms) = postSolution
		{F048D859-3447-4DE6-8582-2A1575399637}.Debug|Any CPU.ActiveCfg = Debug|Any CPU
		{F048D859-3447-4DE6-8582-2A1575399637}.Debug|Any CPU.Build.0 = Debug|Any CPU
		{F048D859-3447-4DE6-8582-2A1575399637}.Release|Any CPU.ActiveCfg = Release|Any CPU
		{F048D859-3447-4DE6-8582-2A1575399637}.Release|Any CPU.Build.0 = Release|Any CPU
	EndGlobalSection
	GlobalSection(SolutionProperties) = preSolution
		HideSolutionNode = FALSE
	EndGlobalSection
	GlobalSection(ExtensibilityGlobals) = postSolution
		SolutionGuid = {841815B4-D7DB-4B6D-8074-B78BD1AA89EF}
	EndGlobalSection
EndGlobal
