
Microsoft Visual Studio Solution File, Format Version 12.00
# Visual Studio Version 16
VisualStudioVersion = 16.0.31321.278
MinimumVisualStudioVersion = 10.0.40219.1
Project("{FAE04EC0-301F-11D3-BF4B-00C04F79EFBC}") = "Aula-09", "Aula-09\Aula-09.csproj", "{1D9903EC-8C59-47D9-9A35-53D1862413C7}"
EndProject
Global
	GlobalSection(SolutionConfigurationPlatforms) = preSolution
		Debug|Any CPU = Debug|Any CPU
		Release|Any CPU = Release|Any CPU
	EndGlobalSection
	GlobalSection(ProjectConfigurationPlatforms) = postSolution
		{1D9903EC-8C59-47D9-9A35-53D1862413C7}.Debug|Any CPU.ActiveCfg = Debug|Any CPU
		{1D9903EC-8C59-47D9-9A35-53D1862413C7}.Debug|Any CPU.Build.0 = Debug|Any CPU
		{1D9903EC-8C59-47D9-9A35-53D1862413C7}.Release|Any CPU.ActiveCfg = Release|Any CPU
		{1D9903EC-8C59-47D9-9A35-53D1862413C7}.Release|Any CPU.Build.0 = Release|Any CPU
	EndGlobalSection
	GlobalSection(SolutionProperties) = preSolution
		HideSolutionNode = FALSE
	EndGlobalSection
	GlobalSection(ExtensibilityGlobals) = postSolution
		SolutionGuid = {B9FDD5AB-1545-45F1-9D55-CBFC7ACA07F7}
	EndGlobalSection
EndGlobal
