
Microsoft Visual Studio Solution File, Format Version 12.00
# Visual Studio Version 16
VisualStudioVersion = 16.0.31321.278
MinimumVisualStudioVersion = 10.0.40219.1
Project("{FAE04EC0-301F-11D3-BF4B-00C04F79EFBC}") = "Aula-23-Exercicio-URI-1078", "Aula-23-Exercicio-URI-1078\Aula-23-Exercicio-URI-1078.csproj", "{761BC6FB-D463-4066-ACF6-DD02AD9A50A4}"
EndProject
Global
	GlobalSection(SolutionConfigurationPlatforms) = preSolution
		Debug|Any CPU = Debug|Any CPU
		Release|Any CPU = Release|Any CPU
	EndGlobalSection
	GlobalSection(ProjectConfigurationPlatforms) = postSolution
		{761BC6FB-D463-4066-ACF6-DD02AD9A50A4}.Debug|Any CPU.ActiveCfg = Debug|Any CPU
		{761BC6FB-D463-4066-ACF6-DD02AD9A50A4}.Debug|Any CPU.Build.0 = Debug|Any CPU
		{761BC6FB-D463-4066-ACF6-DD02AD9A50A4}.Release|Any CPU.ActiveCfg = Release|Any CPU
		{761BC6FB-D463-4066-ACF6-DD02AD9A50A4}.Release|Any CPU.Build.0 = Release|Any CPU
	EndGlobalSection
	GlobalSection(SolutionProperties) = preSolution
		HideSolutionNode = FALSE
	EndGlobalSection
	GlobalSection(ExtensibilityGlobals) = postSolution
		SolutionGuid = {B67EF4EA-7D53-4EE3-93A0-6FAA3B167A0C}
	EndGlobalSection
EndGlobal
